
Microsoft Visual Studio Solution File, Format Version 12.00
# Visual Studio Version 17
VisualStudioVersion = 17.2.32602.215
MinimumVisualStudioVersion = 10.0.40219.1
Project("{FAE04EC0-301F-11D3-BF4B-00C04F79EFBC}") = "MovieDataBase", "MovieDataBase\MovieDataBase.csproj", "{91134DB9-280E-42D2-8B95-4EFF4351C892}"
EndProject
Global
	GlobalSection(SolutionConfigurationPlatforms) = preSolution
		Debug|Any CPU = Debug|Any CPU
		Release|Any CPU = Release|Any CPU
	EndGlobalSection
	GlobalSection(ProjectConfigurationPlatforms) = postSolution
		{91134DB9-280E-42D2-8B95-4EFF4351C892}.Debug|Any CPU.ActiveCfg = Debug|Any CPU
		{91134DB9-280E-42D2-8B95-4EFF4351C892}.Debug|Any CPU.Build.0 = Debug|Any CPU
		{91134DB9-280E-42D2-8B95-4EFF4351C892}.Release|Any CPU.ActiveCfg = Release|Any CPU
		{91134DB9-280E-42D2-8B95-4EFF4351C892}.Release|Any CPU.Build.0 = Release|Any CPU
	EndGlobalSection
	GlobalSection(SolutionProperties) = preSolution
		HideSolutionNode = FALSE
	EndGlobalSection
	GlobalSection(ExtensibilityGlobals) = postSolution
		SolutionGuid = {21EFD68C-AD2E-4D3E-88FC-D75E6CC9FF47}
	EndGlobalSection
EndGlobal
